
Microsoft Visual Studio Solution File, Format Version 12.00
# Visual Studio Version 17
VisualStudioVersion = 17.3.32825.248
MinimumVisualStudioVersion = 10.0.40219.1
Project("{FAE04EC0-301F-11D3-BF4B-00C04F79EFBC}") = "karta", "karta.csproj", "{60F80A59-D9FC-494D-A382-FC1764250670}"
EndProject
Global
	GlobalSection(SolutionConfigurationPlatforms) = preSolution
		Debug|Any CPU = Debug|Any CPU
		Release|Any CPU = Release|Any CPU
	EndGlobalSection
	GlobalSection(ProjectConfigurationPlatforms) = postSolution
		{60F80A59-D9FC-494D-A382-FC1764250670}.Debug|Any CPU.ActiveCfg = Debug|Any CPU
		{60F80A59-D9FC-494D-A382-FC1764250670}.Debug|Any CPU.Build.0 = Debug|Any CPU
		{60F80A59-D9FC-494D-A382-FC1764250670}.Release|Any CPU.ActiveCfg = Release|Any CPU
		{60F80A59-D9FC-494D-A382-FC1764250670}.Release|Any CPU.Build.0 = Release|Any CPU
	EndGlobalSection
	GlobalSection(SolutionProperties) = preSolution
		HideSolutionNode = FALSE
	EndGlobalSection
	GlobalSection(ExtensibilityGlobals) = postSolution
		SolutionGuid = {2CC41398-E809-4942-AAE4-D4B8FFC72148}
	EndGlobalSection
EndGlobal
